{
  "name": "fp-ts-talk",
  "version": "1.0.0",
  "lockfileVersion": 1,
  "requires": true,
  "dependencies": {
    "fp-ts": {
      "version": "2.0.1",
      "resolved": "https://registry.npmjs.org/fp-ts/-/fp-ts-2.0.1.tgz",
      "integrity": "sha512-tw/L1f6hd29bYk3IlhA3qdnqz9LJ13yeecjk0XqC8g9E76P5ZXzNcjXA5zQ0zNlsGhdVhDIHRJB738oGpB8PnA=="
    }
  }
}
